
Microsoft Visual Studio Solution File, Format Version 12.00
# Visual Studio 2015
Project("{FAE04EC0-301F-11D3-BF4B-00C04F79EFBC}") = "MyWorld", "MyWorld.csproj", "{5F94134B-8C30-86C8-74E9-11E165D9B897}"
EndProject
Global
	GlobalSection(SolutionConfigurationPlatforms) = preSolution
		Debug|Any CPU = Debug|Any CPU
		Release|Any CPU = Release|Any CPU
	EndGlobalSection
	GlobalSection(ProjectConfigurationPlatforms) = postSolution
		{5F94134B-8C30-86C8-74E9-11E165D9B897}.Debug|Any CPU.ActiveCfg = Debug|Any CPU
		{5F94134B-8C30-86C8-74E9-11E165D9B897}.Debug|Any CPU.Build.0 = Debug|Any CPU
		{5F94134B-8C30-86C8-74E9-11E165D9B897}.Release|Any CPU.ActiveCfg = Release|Any CPU
		{5F94134B-8C30-86C8-74E9-11E165D9B897}.Release|Any CPU.Build.0 = Release|Any CPU
	EndGlobalSection
	GlobalSection(SolutionProperties) = preSolution
		HideSolutionNode = FALSE
	EndGlobalSection
EndGlobal
